
Microsoft Visual Studio Solution File, Format Version 12.00
# Visual Studio 15
VisualStudioVersion = 15.0.26730.8
MinimumVisualStudioVersion = 10.0.40219.1
Project("{FAE04EC0-301F-11D3-BF4B-00C04F79EFBC}") = "MicroMonitor", "MicroMonitor\MicroMonitor.csproj", "{ACA566EB-4C92-4E58-B757-367F90813A29}"
EndProject
Project("{FAE04EC0-301F-11D3-BF4B-00C04F79EFBC}") = "MicroMonitor.ConsoleApp", "MicroMonitor.ConsoleApp\MicroMonitor.ConsoleApp.csproj", "{4C5F6A90-04E0-495E-A7CE-D6BECCDC35EE}"
EndProject
Project("{2150E333-8FDC-42A3-9474-1A3956D46DE8}") = "Solution Items", "Solution Items", "{543DCF87-3F5B-41FF-B86D-A6949E6A5D8F}"
	ProjectSection(SolutionItems) = preProject
		README.md = README.md
	EndProjectSection
EndProject
Project("{FAE04EC0-301F-11D3-BF4B-00C04F79EFBC}") = "MicroMonitor.UnitTests", "MicroMonitor.UnitTests\MicroMonitor.UnitTests.csproj", "{4E66C71C-FD29-4520-974B-704743575CC9}"
EndProject
Global
	GlobalSection(SolutionConfigurationPlatforms) = preSolution
		Debug|Any CPU = Debug|Any CPU
		Release|Any CPU = Release|Any CPU
	EndGlobalSection
	GlobalSection(ProjectConfigurationPlatforms) = postSolution
		{ACA566EB-4C92-4E58-B757-367F90813A29}.Debug|Any CPU.ActiveCfg = Debug|Any CPU
		{ACA566EB-4C92-4E58-B757-367F90813A29}.Debug|Any CPU.Build.0 = Debug|Any CPU
		{ACA566EB-4C92-4E58-B757-367F90813A29}.Release|Any CPU.ActiveCfg = Release|Any CPU
		{ACA566EB-4C92-4E58-B757-367F90813A29}.Release|Any CPU.Build.0 = Release|Any CPU
		{4C5F6A90-04E0-495E-A7CE-D6BECCDC35EE}.Debug|Any CPU.ActiveCfg = Debug|Any CPU
		{4C5F6A90-04E0-495E-A7CE-D6BECCDC35EE}.Debug|Any CPU.Build.0 = Debug|Any CPU
		{4C5F6A90-04E0-495E-A7CE-D6BECCDC35EE}.Release|Any CPU.ActiveCfg = Release|Any CPU
		{4C5F6A90-04E0-495E-A7CE-D6BECCDC35EE}.Release|Any CPU.Build.0 = Release|Any CPU
		{4E66C71C-FD29-4520-974B-704743575CC9}.Debug|Any CPU.ActiveCfg = Debug|Any CPU
		{4E66C71C-FD29-4520-974B-704743575CC9}.Debug|Any CPU.Build.0 = Debug|Any CPU
		{4E66C71C-FD29-4520-974B-704743575CC9}.Release|Any CPU.ActiveCfg = Release|Any CPU
		{4E66C71C-FD29-4520-974B-704743575CC9}.Release|Any CPU.Build.0 = Release|Any CPU
	EndGlobalSection
	GlobalSection(SolutionProperties) = preSolution
		HideSolutionNode = FALSE
	EndGlobalSection
	GlobalSection(ExtensibilityGlobals) = postSolution
		SolutionGuid = {123DC7AA-9018-46D6-AB14-8E3AE53AC2A5}
	EndGlobalSection
EndGlobal
